// !$*UTF8*$!
{
	archiveVersion = 1;
	classes = {
	};
	objectVersion = 46;
	objects = {

/* Begin PBXBuildFile section */
		D3942A091F1FD5B900A2C94A /* SpotifyManager.swift in Sources */ = {isa = PBXBuildFile; fileRef = D3942A081F1FD5B900A2C94A /* SpotifyManager.swift */; };
		D3942A0E1F1FD68A00A2C94A /* SpotifyAudioPlayback.framework in Frameworks */ = {isa = PBXBuildFile; fileRef = D3942A0B1F1FD68A00A2C94A /* SpotifyAudioPlayback.framework */; };
		D3942A0F1F1FD68A00A2C94A /* SpotifyAuthentication.framework in Frameworks */ = {isa = PBXBuildFile; fileRef = D3942A0C1F1FD68A00A2C94A /* SpotifyAuthentication.framework */; };
		D3942A101F1FD68A00A2C94A /* SpotifyMetadata.framework in Frameworks */ = {isa = PBXBuildFile; fileRef = D3942A0D1F1FD68A00A2C94A /* SpotifyMetadata.framework */; };
		D3942A161F1FDFFC00A2C94A /* LoginViewController.swift in Sources */ = {isa = PBXBuildFile; fileRef = D3942A151F1FDFFC00A2C94A /* LoginViewController.swift */; };
		D3942A1B1F1FE4AE00A2C94A /* NewReleasesViewController.swift in Sources */ = {isa = PBXBuildFile; fileRef = D3942A1A1F1FE4AE00A2C94A /* NewReleasesViewController.swift */; };
		D3F535B81F1FC93F008C10AB /* AppDelegate.swift in Sources */ = {isa = PBXBuildFile; fileRef = D3F535B71F1FC93F008C10AB /* AppDelegate.swift */; };
		D3F535BD1F1FC93F008C10AB /* Main.storyboard in Resources */ = {isa = PBXBuildFile; fileRef = D3F535BB1F1FC93F008C10AB /* Main.storyboard */; };
		D3F535BF1F1FC93F008C10AB /* Assets.xcassets in Resources */ = {isa = PBXBuildFile; fileRef = D3F535BE1F1FC93F008C10AB /* Assets.xcassets */; };
		D3F535C21F1FC93F008C10AB /* LaunchScreen.storyboard in Resources */ = {isa = PBXBuildFile; fileRef = D3F535C01F1FC93F008C10AB /* LaunchScreen.storyboard */; };
		D3F535CD1F1FC93F008C10AB /* iOS_Spotify_TestTests.swift in Sources */ = {isa = PBXBuildFile; fileRef = D3F535CC1F1FC93F008C10AB /* iOS_Spotify_TestTests.swift */; };
		D3F535D81F1FC94F008C10AB /* JSONTrackParser.swift in Sources */ = {isa = PBXBuildFile; fileRef = D3F535D71F1FC94F008C10AB /* JSONTrackParser.swift */; };
		D3F535DA1F1FCD49008C10AB /* tracktest1.json in Resources */ = {isa = PBXBuildFile; fileRef = D3F535D91F1FCD49008C10AB /* tracktest1.json */; };
		D3F535DD1F1FD02E008C10AB /* tracktest2.json in Resources */ = {isa = PBXBuildFile; fileRef = D3F535DC1F1FD02E008C10AB /* tracktest2.json */; };
/* End PBXBuildFile section */

/* Begin PBXContainerItemProxy section */
		D3F535C91F1FC93F008C10AB /* PBXContainerItemProxy */ = {
			isa = PBXContainerItemProxy;
			containerPortal = D3F535AC1F1FC93F008C10AB /* Project object */;
			proxyType = 1;
			remoteGlobalIDString = D3F535B31F1FC93F008C10AB;
			remoteInfo = "iOS Spotify Test";
		};
/* End PBXContainerItemProxy section */

/* Begin PBXFileReference section */
		D3942A081F1FD5B900A2C94A /* SpotifyManager.swift */ = {isa = PBXFileReference; fileEncoding = 4; lastKnownFileType = sourcecode.swift; path = SpotifyManager.swift; sourceTree = "<group>"; };
		D3942A0B1F1FD68A00A2C94A /* SpotifyAudioPlayback.framework */ = {isa = PBXFileReference; lastKnownFileType = wrapper.framework; path = SpotifyAudioPlayback.framework; sourceTree = "<group>"; };
		D3942A0C1F1FD68A00A2C94A /* SpotifyAuthentication.framework */ = {isa = PBXFileReference; lastKnownFileType = wrapper.framework; path = SpotifyAuthentication.framework; sourceTree = "<group>"; };
		D3942A0D1F1FD68A00A2C94A /* SpotifyMetadata.framework */ = {isa = PBXFileReference; lastKnownFileType = wrapper.framework; path = SpotifyMetadata.framework; sourceTree = "<group>"; };
		D3942A111F1FD71500A2C94A /* iOS Spotify Test-Bridging-Header.h */ = {isa = PBXFileReference; lastKnownFileType = sourcecode.c.h; path = "iOS Spotify Test-Bridging-Header.h"; sourceTree = "<group>"; };
		D3942A151F1FDFFC00A2C94A /* LoginViewController.swift */ = {isa = PBXFileReference; fileEncoding = 4; lastKnownFileType = sourcecode.swift; name = LoginViewController.swift; path = ../LoginViewController.swift; sourceTree = "<group>"; };
		D3942A1A1F1FE4AE00A2C94A /* NewReleasesViewController.swift */ = {isa = PBXFileReference; fileEncoding = 4; lastKnownFileType = sourcecode.swift; path = NewReleasesViewController.swift; sourceTree = "<group>"; };
		D3F535B41F1FC93F008C10AB /* iOS Spotify Test.app */ = {isa = PBXFileReference; explicitFileType = wrapper.application; includeInIndex = 0; path = "iOS Spotify Test.app"; sourceTree = BUILT_PRODUCTS_DIR; };
		D3F535B71F1FC93F008C10AB /* AppDelegate.swift */ = {isa = PBXFileReference; lastKnownFileType = sourcecode.swift; path = AppDelegate.swift; sourceTree = "<group>"; };
		D3F535BC1F1FC93F008C10AB /* Base */ = {isa = PBXFileReference; lastKnownFileType = file.storyboard; name = Base; path = Base.lproj/Main.storyboard; sourceTree = "<group>"; };
		D3F535BE1F1FC93F008C10AB /* Assets.xcassets */ = {isa = PBXFileReference; lastKnownFileType = folder.assetcatalog; path = Assets.xcassets; sourceTree = "<group>"; };
		D3F535C11F1FC93F008C10AB /* Base */ = {isa = PBXFileReference; lastKnownFileType = file.storyboard; name = Base; path = Base.lproj/LaunchScreen.storyboard; sourceTree = "<group>"; };
		D3F535C31F1FC93F008C10AB /* Info.plist */ = {isa = PBXFileReference; lastKnownFileType = text.plist.xml; path = Info.plist; sourceTree = "<group>"; };
		D3F535C81F1FC93F008C10AB /* iOS Spotify TestTests.xctest */ = {isa = PBXFileReference; explicitFileType = wrapper.cfbundle; includeInIndex = 0; path = "iOS Spotify TestTests.xctest"; sourceTree = BUILT_PRODUCTS_DIR; };
		D3F535CC1F1FC93F008C10AB /* iOS_Spotify_TestTests.swift */ = {isa = PBXFileReference; lastKnownFileType = sourcecode.swift; path = iOS_Spotify_TestTests.swift; sourceTree = "<group>"; };
		D3F535CE1F1FC93F008C10AB /* Info.plist */ = {isa = PBXFileReference; lastKnownFileType = text.plist.xml; path = Info.plist; sourceTree = "<group>"; };
		D3F535D71F1FC94F008C10AB /* JSONTrackParser.swift */ = {isa = PBXFileReference; fileEncoding = 4; lastKnownFileType = sourcecode.swift; path = JSONTrackParser.swift; sourceTree = "<group>"; };
		D3F535D91F1FCD49008C10AB /* tracktest1.json */ = {isa = PBXFileReference; fileEncoding = 4; lastKnownFileType = text.json; path = tracktest1.json; sourceTree = "<group>"; };
		D3F535DC1F1FD02E008C10AB /* tracktest2.json */ = {isa = PBXFileReference; fileEncoding = 4; lastKnownFileType = text.json; path = tracktest2.json; sourceTree = "<group>"; };
/* End PBXFileReference section */

/* Begin PBXFrameworksBuildPhase section */
		D3F535B11F1FC93F008C10AB /* Frameworks */ = {
			isa = PBXFrameworksBuildPhase;
			buildActionMask = 2147483647;
			files = (
				D3942A0E1F1FD68A00A2C94A /* SpotifyAudioPlayback.framework in Frameworks */,
				D3942A101F1FD68A00A2C94A /* SpotifyMetadata.framework in Frameworks */,
				D3942A0F1F1FD68A00A2C94A /* SpotifyAuthentication.framework in Frameworks */,
			);
			runOnlyForDeploymentPostprocessing = 0;
		};
		D3F535C51F1FC93F008C10AB /* Frameworks */ = {
			isa = PBXFrameworksBuildPhase;
			buildActionMask = 2147483647;
			files = (
			);
			runOnlyForDeploymentPostprocessing = 0;
		};
/* End PBXFrameworksBuildPhase section */

/* Begin PBXGroup section */
		D3942A0A1F1FD67A00A2C94A /* SpotifyFrameworks */ = {
			isa = PBXGroup;
			children = (
				D3942A0B1F1FD68A00A2C94A /* SpotifyAudioPlayback.framework */,
				D3942A0C1F1FD68A00A2C94A /* SpotifyAuthentication.framework */,
				D3942A0D1F1FD68A00A2C94A /* SpotifyMetadata.framework */,
			);
			name = SpotifyFrameworks;
			sourceTree = "<group>";
		};
		D3942A171F1FE12300A2C94A /* Logic */ = {
			isa = PBXGroup;
			children = (
				D3F535D71F1FC94F008C10AB /* JSONTrackParser.swift */,
				D3942A081F1FD5B900A2C94A /* SpotifyManager.swift */,
			);
			name = Logic;
			sourceTree = "<group>";
		};
		D3942A181F1FE12E00A2C94A /* Storyboards */ = {
			isa = PBXGroup;
			children = (
				D3F535BB1F1FC93F008C10AB /* Main.storyboard */,
				D3F535C01F1FC93F008C10AB /* LaunchScreen.storyboard */,
			);
			name = Storyboards;
			sourceTree = "<group>";
		};
		D3942A191F1FE13800A2C94A /* Other */ = {
			isa = PBXGroup;
			children = (
				D3F535C31F1FC93F008C10AB /* Info.plist */,
				D3942A111F1FD71500A2C94A /* iOS Spotify Test-Bridging-Header.h */,
				D3942A0A1F1FD67A00A2C94A /* SpotifyFrameworks */,
			);
			name = Other;
			sourceTree = "<group>";
		};
		D3F535AB1F1FC93F008C10AB = {
			isa = PBXGroup;
			children = (
				D3F535B61F1FC93F008C10AB /* iOS Spotify Test */,
				D3F535CB1F1FC93F008C10AB /* iOS Spotify TestTests */,
				D3F535B51F1FC93F008C10AB /* Products */,
			);
			sourceTree = "<group>";
		};
		D3F535B51F1FC93F008C10AB /* Products */ = {
			isa = PBXGroup;
			children = (
				D3F535B41F1FC93F008C10AB /* iOS Spotify Test.app */,
				D3F535C81F1FC93F008C10AB /* iOS Spotify TestTests.xctest */,
			);
			name = Products;
			sourceTree = "<group>";
		};
		D3F535B61F1FC93F008C10AB /* iOS Spotify Test */ = {
			isa = PBXGroup;
			children = (
				D3F535B71F1FC93F008C10AB /* AppDelegate.swift */,
				D3942A171F1FE12300A2C94A /* Logic */,
				D3942A181F1FE12E00A2C94A /* Storyboards */,
				D3942A151F1FDFFC00A2C94A /* LoginViewController.swift */,
				D3942A1A1F1FE4AE00A2C94A /* NewReleasesViewController.swift */,
				D3F535BE1F1FC93F008C10AB /* Assets.xcassets */,
				D3942A191F1FE13800A2C94A /* Other */,
			);
			path = "iOS Spotify Test";
			sourceTree = "<group>";
		};
		D3F535CB1F1FC93F008C10AB /* iOS Spotify TestTests */ = {
			isa = PBXGroup;
			children = (
				D3F535CC1F1FC93F008C10AB /* iOS_Spotify_TestTests.swift */,
				D3F535D91F1FCD49008C10AB /* tracktest1.json */,
				D3F535DC1F1FD02E008C10AB /* tracktest2.json */,
				D3F535CE1F1FC93F008C10AB /* Info.plist */,
			);
			path = "iOS Spotify TestTests";
			sourceTree = "<group>";
		};
/* End PBXGroup section */

/* Begin PBXNativeTarget section */
		D3F535B31F1FC93F008C10AB /* iOS Spotify Test */ = {
			isa = PBXNativeTarget;
			buildConfigurationList = D3F535D11F1FC93F008C10AB /* Build configuration list for PBXNativeTarget "iOS Spotify Test" */;
			buildPhases = (
				D3F535B01F1FC93F008C10AB /* Sources */,
				D3F535B11F1FC93F008C10AB /* Frameworks */,
				D3F535B21F1FC93F008C10AB /* Resources */,
			);
			buildRules = (
			);
			dependencies = (
			);
			name = "iOS Spotify Test";
			productName = "iOS Spotify Test";
			productReference = D3F535B41F1FC93F008C10AB /* iOS Spotify Test.app */;
			productType = "com.apple.product-type.application";
		};
		D3F535C71F1FC93F008C10AB /* iOS Spotify TestTests */ = {
			isa = PBXNativeTarget;
			buildConfigurationList = D3F535D41F1FC93F008C10AB /* Build configuration list for PBXNativeTarget "iOS Spotify TestTests" */;
			buildPhases = (
				D3F535C41F1FC93F008C10AB /* Sources */,
				D3F535C51F1FC93F008C10AB /* Frameworks */,
				D3F535C61F1FC93F008C10AB /* Resources */,
			);
			buildRules = (
			);
			dependencies = (
				D3F535CA1F1FC93F008C10AB /* PBXTargetDependency */,
			);
			name = "iOS Spotify TestTests";
			productName = "iOS Spotify TestTests";
			productReference = D3F535C81F1FC93F008C10AB /* iOS Spotify TestTests.xctest */;
			productType = "com.apple.product-type.bundle.unit-test";
		};
/* End PBXNativeTarget section */

/* Begin PBXProject section */
		D3F535AC1F1FC93F008C10AB /* Project object */ = {
			isa = PBXProject;
			attributes = {
				LastSwiftUpdateCheck = 0830;
				LastUpgradeCheck = 0830;
				ORGANIZATIONNAME = 1;
				TargetAttributes = {
					D3F535B31F1FC93F008C10AB = {
						CreatedOnToolsVersion = 8.3.3;
						LastSwiftMigration = 0830;
						ProvisioningStyle = Automatic;
					};
					D3F535C71F1FC93F008C10AB = {
						CreatedOnToolsVersion = 8.3.3;
						ProvisioningStyle = Automatic;
						TestTargetID = D3F535B31F1FC93F008C10AB;
					};
				};
			};
			buildConfigurationList = D3F535AF1F1FC93F008C10AB /* Build configuration list for PBXProject "iOS Spotify Test" */;
			compatibilityVersion = "Xcode 3.2";
			developmentRegion = English;
			hasScannedForEncodings = 0;
			knownRegions = (
				en,
				Base,
			);
			mainGroup = D3F535AB1F1FC93F008C10AB;
			productRefGroup = D3F535B51F1FC93F008C10AB /* Products */;
			projectDirPath = "";
			projectRoot = "";
			targets = (
				D3F535B31F1FC93F008C10AB /* iOS Spotify Test */,
				D3F535C71F1FC93F008C10AB /* iOS Spotify TestTests */,
			);
		};
/* End PBXProject section */

/* Begin PBXResourcesBuildPhase section */
		D3F535B21F1FC93F008C10AB /* Resources */ = {
			isa = PBXResourcesBuildPhase;
			buildActionMask = 2147483647;
			files = (
				D3F535C21F1FC93F008C10AB /* LaunchScreen.storyboard in Resources */,
				D3F535BF1F1FC93F008C10AB /* Assets.xcassets in Resources */,
				D3F535BD1F1FC93F008C10AB /* Main.storyboard in Resources */,
			);
			runOnlyForDeploymentPostprocessing = 0;
		};
		D3F535C61F1FC93F008C10AB /* Resources */ = {
			isa = PBXResourcesBuildPhase;
			buildActionMask = 2147483647;
			files = (
				D3F535DD1F1FD02E008C10AB /* tracktest2.json in Resources */,
				D3F535DA1F1FCD49008C10AB /* tracktest1.json in Resources */,
			);
			runOnlyForDeploymentPostprocessing = 0;
		};
/* End PBXResourcesBuildPhase section */

/* Begin PBXSourcesBuildPhase section */
		D3F535B01F1FC93F008C10AB /* Sources */ = {
			isa = PBXSourcesBuildPhase;
			buildActionMask = 2147483647;
			files = (
				D3942A161F1FDFFC00A2C94A /* LoginViewController.swift in Sources */,
				D3942A091F1FD5B900A2C94A /* SpotifyManager.swift in Sources */,
				D3F535D81F1FC94F008C10AB /* JSONTrackParser.swift in Sources */,
				D3F535B81F1FC93F008C10AB /* AppDelegate.swift in Sources */,
				D3942A1B1F1FE4AE00A2C94A /* NewReleasesViewController.swift in Sources */,
			);
			runOnlyForDeploymentPostprocessing = 0;
		};
		D3F535C41F1FC93F008C10AB /* Sources */ = {
			isa = PBXSourcesBuildPhase;
			buildActionMask = 2147483647;
			files = (
				D3F535CD1F1FC93F008C10AB /* iOS_Spotify_TestTests.swift in Sources */,
			);
			runOnlyForDeploymentPostprocessing = 0;
		};
/* End PBXSourcesBuildPhase section */

/* Begin PBXTargetDependency section */
		D3F535CA1F1FC93F008C10AB /* PBXTargetDependency */ = {
			isa = PBXTargetDependency;
			target = D3F535B31F1FC93F008C10AB /* iOS Spotify Test */;
			targetProxy = D3F535C91F1FC93F008C10AB /* PBXContainerItemProxy */;
		};
/* End PBXTargetDependency section */

/* Begin PBXVariantGroup section */
		D3F535BB1F1FC93F008C10AB /* Main.storyboard */ = {
			isa = PBXVariantGroup;
			children = (
				D3F535BC1F1FC93F008C10AB /* Base */,
			);
			name = Main.storyboard;
			sourceTree = "<group>";
		};
		D3F535C01F1FC93F008C10AB /* LaunchScreen.storyboard */ = {
			isa = PBXVariantGroup;
			children = (
				D3F535C11F1FC93F008C10AB /* Base */,
			);
			name = LaunchScreen.storyboard;
			sourceTree = "<group>";
		};
/* End PBXVariantGroup section */

/* Begin XCBuildConfiguration section */
		D3F535CF1F1FC93F008C10AB /* Debug */ = {
			isa = XCBuildConfiguration;
			buildSettings = {
				ALWAYS_SEARCH_USER_PATHS = NO;
				CLANG_ANALYZER_NONNULL = YES;
				CLANG_ANALYZER_NUMBER_OBJECT_CONVERSION = YES_AGGRESSIVE;
				CLANG_CXX_LANGUAGE_STANDARD = "gnu++0x";
				CLANG_CXX_LIBRARY = "libc++";
				CLANG_ENABLE_MODULES = YES;
				CLANG_ENABLE_OBJC_ARC = YES;
				CLANG_WARN_BOOL_CONVERSION = YES;
				CLANG_WARN_CONSTANT_CONVERSION = YES;
				CLANG_WARN_DIRECT_OBJC_ISA_USAGE = YES_ERROR;
				CLANG_WARN_DOCUMENTATION_COMMENTS = YES;
				CLANG_WARN_EMPTY_BODY = YES;
				CLANG_WARN_ENUM_CONVERSION = YES;
				CLANG_WARN_INFINITE_RECURSION = YES;
				CLANG_WARN_INT_CONVERSION = YES;
				CLANG_WARN_OBJC_ROOT_CLASS = YES_ERROR;
				CLANG_WARN_SUSPICIOUS_MOVE = YES;
				CLANG_WARN_UNREACHABLE_CODE = YES;
				CLANG_WARN__DUPLICATE_METHOD_MATCH = YES;
				"CODE_SIGN_IDENTITY[sdk=iphoneos*]" = "iPhone Developer";
				COPY_PHASE_STRIP = NO;
				DEBUG_INFORMATION_FORMAT = dwarf;
				ENABLE_STRICT_OBJC_MSGSEND = YES;
				ENABLE_TESTABILITY = YES;
				GCC_C_LANGUAGE_STANDARD = gnu99;
				GCC_DYNAMIC_NO_PIC = NO;
				GCC_NO_COMMON_BLOCKS = YES;
				GCC_OPTIMIZATION_LEVEL = 0;
				GCC_PREPROCESSOR_DEFINITIONS = (
					"DEBUG=1",
					"$(inherited)",
				);
				GCC_WARN_64_TO_32_BIT_CONVERSION = YES;
				GCC_WARN_ABOUT_RETURN_TYPE = YES_ERROR;
				GCC_WARN_UNDECLARED_SELECTOR = YES;
				GCC_WARN_UNINITIALIZED_AUTOS = YES_AGGRESSIVE;
				GCC_WARN_UNUSED_FUNCTION = YES;
				GCC_WARN_UNUSED_VARIABLE = YES;
				IPHONEOS_DEPLOYMENT_TARGET = 10.3;
				MTL_ENABLE_DEBUG_INFO = YES;
				ONLY_ACTIVE_ARCH = YES;
				SDKROOT = iphoneos;
				SWIFT_ACTIVE_COMPILATION_CONDITIONS = DEBUG;
				SWIFT_OPTIMIZATION_LEVEL = "-Onone";
				TARGETED_DEVICE_FAMILY = "1,2";
			};
			name = Debug;
		};
		D3F535D01F1FC93F008C10AB /* Release */ = {
			isa = XCBuildConfiguration;
			buildSettings = {
				ALWAYS_SEARCH_USER_PATHS = NO;
				CLANG_ANALYZER_NONNULL = YES;
				CLANG_ANALYZER_NUMBER_OBJECT_CONVERSION = YES_AGGRESSIVE;
				CLANG_CXX_LANGUAGE_STANDARD = "gnu++0x";
				CLANG_CXX_LIBRARY = "libc++";
				CLANG_ENABLE_MODULES = YES;
				CLANG_ENABLE_OBJC_ARC = YES;
				CLANG_WARN_BOOL_CONVERSION = YES;
				CLANG_WARN_CONSTANT_CONVERSION = YES;
				CLANG_WARN_DIRECT_OBJC_ISA_USAGE = YES_ERROR;
				CLANG_WARN_DOCUMENTATION_COMMENTS = YES;
				CLANG_WARN_EMPTY_BODY = YES;
				CLANG_WARN_ENUM_CONVERSION = YES;
				CLANG_WARN_INFINITE_RECURSION = YES;
				CLANG_WARN_INT_CONVERSION = YES;
				CLANG_WARN_OBJC_ROOT_CLASS = YES_ERROR;
				CLANG_WARN_SUSPICIOUS_MOVE = YES;
				CLANG_WARN_UNREACHABLE_CODE = YES;
				CLANG_WARN__DUPLICATE_METHOD_MATCH = YES;
				"CODE_SIGN_IDENTITY[sdk=iphoneos*]" = "iPhone Developer";
				COPY_PHASE_STRIP = NO;
				DEBUG_INFORMATION_FORMAT = "dwarf-with-dsym";
				ENABLE_NS_ASSERTIONS = NO;
				ENABLE_STRICT_OBJC_MSGSEND = YES;
				GCC_C_LANGUAGE_STANDARD = gnu99;
				GCC_NO_COMMON_BLOCKS = YES;
				GCC_WARN_64_TO_32_BIT_CONVERSION = YES;
				GCC_WARN_ABOUT_RETURN_TYPE = YES_ERROR;
				GCC_WARN_UNDECLARED_SELECTOR = YES;
				GCC_WARN_UNINITIALIZED_AUTOS = YES_AGGRESSIVE;
				GCC_WARN_UNUSED_FUNCTION = YES;
				GCC_WARN_UNUSED_VARIABLE = YES;
				IPHONEOS_DEPLOYMENT_TARGET = 10.3;
				MTL_ENABLE_DEBUG_INFO = NO;
				SDKROOT = iphoneos;
				SWIFT_OPTIMIZATION_LEVEL = "-Owholemodule";
				TARGETED_DEVICE_FAMILY = "1,2";
				VALIDATE_PRODUCT = YES;
			};
			name = Release;
		};
		D3F535D21F1FC93F008C10AB /* Debug */ = {
			isa = XCBuildConfiguration;
			buildSettings = {
				ASSETCATALOG_COMPILER_APPICON_NAME = AppIcon;
				CLANG_ENABLE_MODULES = YES;
				FRAMEWORK_SEARCH_PATHS = (
					"$(inherited)",
					"$(PROJECT_DIR)/iOS\\ Spotify\\ Test",
					"$(PROJECT_DIR)/iOS\\ Spotify\\ Test",
					"$(PROJECT_DIR)/iOS\\ Spotify\\ Test",
				);
				INFOPLIST_FILE = "iOS Spotify Test/Info.plist";
				LD_RUNPATH_SEARCH_PATHS = "$(inherited) @executable_path/Frameworks";
				OTHER_LDFLAGS = "-ObjC";
				PRODUCT_BUNDLE_IDENTIFIER = "com.test.iOS-Spotify-Test";
				PRODUCT_NAME = "$(TARGET_NAME)";
				SWIFT_OBJC_BRIDGING_HEADER = "iOS Spotify Test/iOS Spotify Test-Bridging-Header.h";
				SWIFT_OPTIMIZATION_LEVEL = "-Onone";
				SWIFT_VERSION = 3.0;
			};
			name = Debug;
		};
		D3F535D31F1FC93F008C10AB /* Release */ = {
			isa = XCBuildConfiguration;
			buildSettings = {
				ASSETCATALOG_COMPILER_APPICON_NAME = AppIcon;
				CLANG_ENABLE_MODULES = YES;
				FRAMEWORK_SEARCH_PATHS = (
					"$(inherited)",
					"$(PROJECT_DIR)/iOS\\ Spotify\\ Test",
					"$(PROJECT_DIR)/iOS\\ Spotify\\ Test",
					"$(PROJECT_DIR)/iOS\\ Spotify\\ Test",
				);
				INFOPLIST_FILE = "iOS Spotify Test/Info.plist";
				LD_RUNPATH_SEARCH_PATHS = "$(inherited) @executable_path/Frameworks";
				OTHER_LDFLAGS = "-ObjC";
				PRODUCT_BUNDLE_IDENTIFIER = "com.test.iOS-Spotify-Test";
				PRODUCT_NAME = "$(TARGET_NAME)";
				SWIFT_OBJC_BRIDGING_HEADER = "iOS Spotify Test/iOS Spotify Test-Bridging-Header.h";
				SWIFT_VERSION = 3.0;
			};
			name = Release;
		};
		D3F535D51F1FC93F008C10AB /* Debug */ = {
			isa = XCBuildConfiguration;
			buildSettings = {
				ALWAYS_EMBED_SWIFT_STANDARD_LIBRARIES = YES;
				BUNDLE_LOADER = "$(TEST_HOST)";
				INFOPLIST_FILE = "iOS Spotify TestTests/Info.plist";
				LD_RUNPATH_SEARCH_PATHS = "$(inherited) @executable_path/Frameworks @loader_path/Frameworks";
				PRODUCT_BUNDLE_IDENTIFIER = "com.test.iOS-Spotify-TestTests";
				PRODUCT_NAME = "$(TARGET_NAME)";
				SWIFT_VERSION = 3.0;
				TEST_HOST = "$(BUILT_PRODUCTS_DIR)/iOS Spotify Test.app/iOS Spotify Test";
			};
			name = Debug;
		};
		D3F535D61F1FC93F008C10AB /* Release */ = {
			isa = XCBuildConfiguration;
			buildSettings = {
				ALWAYS_EMBED_SWIFT_STANDARD_LIBRARIES = YES;
				BUNDLE_LOADER = "$(TEST_HOST)";
				INFOPLIST_FILE = "iOS Spotify TestTests/Info.plist";
				LD_RUNPATH_SEARCH_PATHS = "$(inherited) @executable_path/Frameworks @loader_path/Frameworks";
				PRODUCT_BUNDLE_IDENTIFIER = "com.test.iOS-Spotify-TestTests";
				PRODUCT_NAME = "$(TARGET_NAME)";
				SWIFT_VERSION = 3.0;
				TEST_HOST = "$(BUILT_PRODUCTS_DIR)/iOS Spotify Test.app/iOS Spotify Test";
			};
			name = Release;
		};
/* End XCBuildConfiguration section */

/* Begin XCConfigurationList section */
		D3F535AF1F1FC93F008C10AB /* Build configuration list for PBXProject "iOS Spotify Test" */ = {
			isa = XCConfigurationList;
			buildConfigurations = (
				D3F535CF1F1FC93F008C10AB /* Debug */,
				D3F535D01F1FC93F008C10AB /* Release */,
			);
			defaultConfigurationIsVisible = 0;
			defaultConfigurationName = Release;
		};
		D3F535D11F1FC93F008C10AB /* Build configuration list for PBXNativeTarget "iOS Spotify Test" */ = {
			isa = XCConfigurationList;
			buildConfigurations = (
				D3F535D21F1FC93F008C10AB /* Debug */,
				D3F535D31F1FC93F008C10AB /* Release */,
			);
			defaultConfigurationIsVisible = 0;
			defaultConfigurationName = Release;
		};
		D3F535D41F1FC93F008C10AB /* Build configuration list for PBXNativeTarget "iOS Spotify TestTests" */ = {
			isa = XCConfigurationList;
			buildConfigurations = (
				D3F535D51F1FC93F008C10AB /* Debug */,
				D3F535D61F1FC93F008C10AB /* Release */,
			);
			defaultConfigurationIsVisible = 0;
			defaultConfigurationName = Release;
		};
/* End XCConfigurationList section */
	};
	rootObject = D3F535AC1F1FC93F008C10AB /* Project object */;
}
